// !$*UTF8*$!
{
	archiveVersion = 1;
	classes = {
	};
	objectVersion = 46;
	objects = {

/* Begin PBXBuildFile section */
		383D4BC519DC896600631018 /* CoreLocation.framework in Frameworks */ = {isa = PBXBuildFile; fileRef = 383D4BC419DC896600631018 /* CoreLocation.framework */; };
		38BDCAF319DB4D7C00DC5BA4 /* JSCircleView.m in Sources */ = {isa = PBXBuildFile; fileRef = 38BDCAF219DB4D7C00DC5BA4 /* JSCircleView.m */; };
		38BDCAF519DBB5E000DC5BA4 /* QuartzCore.framework in Frameworks */ = {isa = PBXBuildFile; fileRef = 38BDCAF419DBB5E000DC5BA4 /* QuartzCore.framework */; };
		38C3838C19ED707B00CF1B84 /* MKMapView+Radius.m in Sources */ = {isa = PBXBuildFile; fileRef = 38C3838B19ED707B00CF1B84 /* MKMapView+Radius.m */; };
		38DAD6ED19DB351C00059DB1 /* main.m in Sources */ = {isa = PBXBuildFile; fileRef = 38DAD6EC19DB351C00059DB1 /* main.m */; };
		38DAD6F019DB351C00059DB1 /* AppDelegate.m in Sources */ = {isa = PBXBuildFile; fileRef = 38DAD6EF19DB351C00059DB1 /* AppDelegate.m */; };
		38DAD6F319DB351C00059DB1 /* ViewController.m in Sources */ = {isa = PBXBuildFile; fileRef = 38DAD6F219DB351C00059DB1 /* ViewController.m */; };
		38DAD6F619DB351C00059DB1 /* Main.storyboard in Resources */ = {isa = PBXBuildFile; fileRef = 38DAD6F419DB351C00059DB1 /* Main.storyboard */; };
		38DAD6F819DB351C00059DB1 /* Images.xcassets in Resources */ = {isa = PBXBuildFile; fileRef = 38DAD6F719DB351C00059DB1 /* Images.xcassets */; };
		38DAD6FB19DB351C00059DB1 /* LaunchScreen.xib in Resources */ = {isa = PBXBuildFile; fileRef = 38DAD6F919DB351C00059DB1 /* LaunchScreen.xib */; };
		38DAD70719DB351C00059DB1 /* JSTestMapTests.m in Sources */ = {isa = PBXBuildFile; fileRef = 38DAD70619DB351C00059DB1 /* JSTestMapTests.m */; };
		38DAD71119DB354D00059DB1 /* MapKit.framework in Frameworks */ = {isa = PBXBuildFile; fileRef = 38DAD71019DB354D00059DB1 /* MapKit.framework */; };
		38E27F1F19E159F500E5AC0A /* JSCustomOverlayRenderer.m in Sources */ = {isa = PBXBuildFile; fileRef = 38E27F1E19E159F500E5AC0A /* JSCustomOverlayRenderer.m */; };
		38E27F2219E15CF900E5AC0A /* JSCustomOverlay.m in Sources */ = {isa = PBXBuildFile; fileRef = 38E27F2119E15CF900E5AC0A /* JSCustomOverlay.m */; };
		38E27F2519E1C90000E5AC0A /* JSCirclePath.m in Sources */ = {isa = PBXBuildFile; fileRef = 38E27F2419E1C90000E5AC0A /* JSCirclePath.m */; };
		38E27F2819E1D20100E5AC0A /* JSCircleOverlayRenderer.m in Sources */ = {isa = PBXBuildFile; fileRef = 38E27F2719E1D20100E5AC0A /* JSCircleOverlayRenderer.m */; };
/* End PBXBuildFile section */

/* Begin PBXContainerItemProxy section */
		38DAD70119DB351C00059DB1 /* PBXContainerItemProxy */ = {
			isa = PBXContainerItemProxy;
			containerPortal = 38DAD6DF19DB351C00059DB1 /* Project object */;
			proxyType = 1;
			remoteGlobalIDString = 38DAD6E619DB351C00059DB1;
			remoteInfo = JSTestMap;
		};
/* End PBXContainerItemProxy section */

/* Begin PBXFileReference section */
		383D4BC419DC896600631018 /* CoreLocation.framework */ = {isa = PBXFileReference; lastKnownFileType = wrapper.framework; name = CoreLocation.framework; path = System/Library/Frameworks/CoreLocation.framework; sourceTree = SDKROOT; };
		38BDCAF119DB4D7C00DC5BA4 /* JSCircleView.h */ = {isa = PBXFileReference; fileEncoding = 4; lastKnownFileType = sourcecode.c.h; path = JSCircleView.h; sourceTree = "<group>"; };
		38BDCAF219DB4D7C00DC5BA4 /* JSCircleView.m */ = {isa = PBXFileReference; fileEncoding = 4; lastKnownFileType = sourcecode.c.objc; path = JSCircleView.m; sourceTree = "<group>"; };
		38BDCAF419DBB5E000DC5BA4 /* QuartzCore.framework */ = {isa = PBXFileReference; lastKnownFileType = wrapper.framework; name = QuartzCore.framework; path = System/Library/Frameworks/QuartzCore.framework; sourceTree = SDKROOT; };
		38C3838A19ED707B00CF1B84 /* MKMapView+Radius.h */ = {isa = PBXFileReference; fileEncoding = 4; lastKnownFileType = sourcecode.c.h; path = "MKMapView+Radius.h"; sourceTree = "<group>"; };
		38C3838B19ED707B00CF1B84 /* MKMapView+Radius.m */ = {isa = PBXFileReference; fileEncoding = 4; lastKnownFileType = sourcecode.c.objc; path = "MKMapView+Radius.m"; sourceTree = "<group>"; };
		38DAD6E719DB351C00059DB1 /* JSTestMap.app */ = {isa = PBXFileReference; explicitFileType = wrapper.application; includeInIndex = 0; path = JSTestMap.app; sourceTree = BUILT_PRODUCTS_DIR; };
		38DAD6EB19DB351C00059DB1 /* Info.plist */ = {isa = PBXFileReference; lastKnownFileType = text.plist.xml; path = Info.plist; sourceTree = "<group>"; };
		38DAD6EC19DB351C00059DB1 /* main.m */ = {isa = PBXFileReference; lastKnownFileType = sourcecode.c.objc; path = main.m; sourceTree = "<group>"; };
		38DAD6EE19DB351C00059DB1 /* AppDelegate.h */ = {isa = PBXFileReference; lastKnownFileType = sourcecode.c.h; path = AppDelegate.h; sourceTree = "<group>"; };
		38DAD6EF19DB351C00059DB1 /* AppDelegate.m */ = {isa = PBXFileReference; lastKnownFileType = sourcecode.c.objc; path = AppDelegate.m; sourceTree = "<group>"; };
		38DAD6F119DB351C00059DB1 /* ViewController.h */ = {isa = PBXFileReference; lastKnownFileType = sourcecode.c.h; path = ViewController.h; sourceTree = "<group>"; };
		38DAD6F219DB351C00059DB1 /* ViewController.m */ = {isa = PBXFileReference; lastKnownFileType = sourcecode.c.objc; path = ViewController.m; sourceTree = "<group>"; };
		38DAD6F519DB351C00059DB1 /* Base */ = {isa = PBXFileReference; lastKnownFileType = file.storyboard; name = Base; path = Base.lproj/Main.storyboard; sourceTree = "<group>"; };
		38DAD6F719DB351C00059DB1 /* Images.xcassets */ = {isa = PBXFileReference; lastKnownFileType = folder.assetcatalog; path = Images.xcassets; sourceTree = "<group>"; };
		38DAD6FA19DB351C00059DB1 /* Base */ = {isa = PBXFileReference; lastKnownFileType = file.xib; name = Base; path = Base.lproj/LaunchScreen.xib; sourceTree = "<group>"; };
		38DAD70019DB351C00059DB1 /* JSTestMapTests.xctest */ = {isa = PBXFileReference; explicitFileType = wrapper.cfbundle; includeInIndex = 0; path = JSTestMapTests.xctest; sourceTree = BUILT_PRODUCTS_DIR; };
		38DAD70519DB351C00059DB1 /* Info.plist */ = {isa = PBXFileReference; lastKnownFileType = text.plist.xml; path = Info.plist; sourceTree = "<group>"; };
		38DAD70619DB351C00059DB1 /* JSTestMapTests.m */ = {isa = PBXFileReference; lastKnownFileType = sourcecode.c.objc; path = JSTestMapTests.m; sourceTree = "<group>"; };
		38DAD71019DB354D00059DB1 /* MapKit.framework */ = {isa = PBXFileReference; lastKnownFileType = wrapper.framework; name = MapKit.framework; path = System/Library/Frameworks/MapKit.framework; sourceTree = SDKROOT; };
		38E27F1D19E159F500E5AC0A /* JSCustomOverlayRenderer.h */ = {isa = PBXFileReference; fileEncoding = 4; lastKnownFileType = sourcecode.c.h; path = JSCustomOverlayRenderer.h; sourceTree = "<group>"; };
		38E27F1E19E159F500E5AC0A /* JSCustomOverlayRenderer.m */ = {isa = PBXFileReference; fileEncoding = 4; lastKnownFileType = sourcecode.c.objc; path = JSCustomOverlayRenderer.m; sourceTree = "<group>"; };
		38E27F2019E15CF900E5AC0A /* JSCustomOverlay.h */ = {isa = PBXFileReference; fileEncoding = 4; lastKnownFileType = sourcecode.c.h; path = JSCustomOverlay.h; sourceTree = "<group>"; };
		38E27F2119E15CF900E5AC0A /* JSCustomOverlay.m */ = {isa = PBXFileReference; fileEncoding = 4; lastKnownFileType = sourcecode.c.objc; path = JSCustomOverlay.m; sourceTree = "<group>"; };
		38E27F2319E1C90000E5AC0A /* JSCirclePath.h */ = {isa = PBXFileReference; fileEncoding = 4; lastKnownFileType = sourcecode.c.h; name = JSCirclePath.h; path = ../JSCirclePath.h; sourceTree = "<group>"; };
		38E27F2419E1C90000E5AC0A /* JSCirclePath.m */ = {isa = PBXFileReference; fileEncoding = 4; lastKnownFileType = sourcecode.c.objc; name = JSCirclePath.m; path = ../JSCirclePath.m; sourceTree = "<group>"; };
		38E27F2619E1D20100E5AC0A /* JSCircleOverlayRenderer.h */ = {isa = PBXFileReference; fileEncoding = 4; lastKnownFileType = sourcecode.c.h; name = JSCircleOverlayRenderer.h; path = ../JSCircleOverlayRenderer.h; sourceTree = "<group>"; };
		38E27F2719E1D20100E5AC0A /* JSCircleOverlayRenderer.m */ = {isa = PBXFileReference; fileEncoding = 4; lastKnownFileType = sourcecode.c.objc; name = JSCircleOverlayRenderer.m; path = ../JSCircleOverlayRenderer.m; sourceTree = "<group>"; };
/* End PBXFileReference section */

/* Begin PBXFrameworksBuildPhase section */
		38DAD6E419DB351C00059DB1 /* Frameworks */ = {
			isa = PBXFrameworksBuildPhase;
			buildActionMask = 2147483647;
			files = (
				383D4BC519DC896600631018 /* CoreLocation.framework in Frameworks */,
				38BDCAF519DBB5E000DC5BA4 /* QuartzCore.framework in Frameworks */,
				38DAD71119DB354D00059DB1 /* MapKit.framework in Frameworks */,
			);
			runOnlyForDeploymentPostprocessing = 0;
		};
		38DAD6FD19DB351C00059DB1 /* Frameworks */ = {
			isa = PBXFrameworksBuildPhase;
			buildActionMask = 2147483647;
			files = (
			);
			runOnlyForDeploymentPostprocessing = 0;
		};
/* End PBXFrameworksBuildPhase section */

/* Begin PBXGroup section */
		38DAD6DE19DB351C00059DB1 = {
			isa = PBXGroup;
			children = (
				383D4BC419DC896600631018 /* CoreLocation.framework */,
				38DAD6E919DB351C00059DB1 /* JSTestMap */,
				38DAD71019DB354D00059DB1 /* MapKit.framework */,
				38BDCAF419DBB5E000DC5BA4 /* QuartzCore.framework */,
				38DAD70319DB351C00059DB1 /* JSTestMapTests */,
				38DAD6E819DB351C00059DB1 /* Products */,
			);
			sourceTree = "<group>";
		};
		38DAD6E819DB351C00059DB1 /* Products */ = {
			isa = PBXGroup;
			children = (
				38DAD6E719DB351C00059DB1 /* JSTestMap.app */,
				38DAD70019DB351C00059DB1 /* JSTestMapTests.xctest */,
			);
			name = Products;
			sourceTree = "<group>";
		};
		38DAD6E919DB351C00059DB1 /* JSTestMap */ = {
			isa = PBXGroup;
			children = (
				38E27F2619E1D20100E5AC0A /* JSCircleOverlayRenderer.h */,
				38E27F2719E1D20100E5AC0A /* JSCircleOverlayRenderer.m */,
				38E27F2319E1C90000E5AC0A /* JSCirclePath.h */,
				38E27F2419E1C90000E5AC0A /* JSCirclePath.m */,
				38DAD6EE19DB351C00059DB1 /* AppDelegate.h */,
				38DAD6EF19DB351C00059DB1 /* AppDelegate.m */,
				38DAD6F119DB351C00059DB1 /* ViewController.h */,
				38DAD6F219DB351C00059DB1 /* ViewController.m */,
				38E27F2019E15CF900E5AC0A /* JSCustomOverlay.h */,
				38E27F2119E15CF900E5AC0A /* JSCustomOverlay.m */,
				38E27F1D19E159F500E5AC0A /* JSCustomOverlayRenderer.h */,
				38E27F1E19E159F500E5AC0A /* JSCustomOverlayRenderer.m */,
				38BDCAF119DB4D7C00DC5BA4 /* JSCircleView.h */,
				38BDCAF219DB4D7C00DC5BA4 /* JSCircleView.m */,
				38C3838A19ED707B00CF1B84 /* MKMapView+Radius.h */,
				38C3838B19ED707B00CF1B84 /* MKMapView+Radius.m */,
				38DAD6F419DB351C00059DB1 /* Main.storyboard */,
				38DAD6F719DB351C00059DB1 /* Images.xcassets */,
				38DAD6F919DB351C00059DB1 /* LaunchScreen.xib */,
				38DAD6EA19DB351C00059DB1 /* Supporting Files */,
			);
			path = JSTestMap;
			sourceTree = "<group>";
		};
		38DAD6EA19DB351C00059DB1 /* Supporting Files */ = {
			isa = PBXGroup;
			children = (
				38DAD6EB19DB351C00059DB1 /* Info.plist */,
				38DAD6EC19DB351C00059DB1 /* main.m */,
			);
			name = "Supporting Files";
			sourceTree = "<group>";
		};
		38DAD70319DB351C00059DB1 /* JSTestMapTests */ = {
			isa = PBXGroup;
			children = (
				38DAD70619DB351C00059DB1 /* JSTestMapTests.m */,
				38DAD70419DB351C00059DB1 /* Supporting Files */,
			);
			path = JSTestMapTests;
			sourceTree = "<group>";
		};
		38DAD70419DB351C00059DB1 /* Supporting Files */ = {
			isa = PBXGroup;
			children = (
				38DAD70519DB351C00059DB1 /* Info.plist */,
			);
			name = "Supporting Files";
			sourceTree = "<group>";
		};
/* End PBXGroup section */

/* Begin PBXNativeTarget section */
		38DAD6E619DB351C00059DB1 /* JSTestMap */ = {
			isa = PBXNativeTarget;
			buildConfigurationList = 38DAD70A19DB351C00059DB1 /* Build configuration list for PBXNativeTarget "JSTestMap" */;
			buildPhases = (
				38DAD6E319DB351C00059DB1 /* Sources */,
				38DAD6E419DB351C00059DB1 /* Frameworks */,
				38DAD6E519DB351C00059DB1 /* Resources */,
			);
			buildRules = (
			);
			dependencies = (
			);
			name = JSTestMap;
			productName = JSTestMap;
			productReference = 38DAD6E719DB351C00059DB1 /* JSTestMap.app */;
			productType = "com.apple.product-type.application";
		};
		38DAD6FF19DB351C00059DB1 /* JSTestMapTests */ = {
			isa = PBXNativeTarget;
			buildConfigurationList = 38DAD70D19DB351C00059DB1 /* Build configuration list for PBXNativeTarget "JSTestMapTests" */;
			buildPhases = (
				38DAD6FC19DB351C00059DB1 /* Sources */,
				38DAD6FD19DB351C00059DB1 /* Frameworks */,
				38DAD6FE19DB351C00059DB1 /* Resources */,
			);
			buildRules = (
			);
			dependencies = (
				38DAD70219DB351C00059DB1 /* PBXTargetDependency */,
			);
			name = JSTestMapTests;
			productName = JSTestMapTests;
			productReference = 38DAD70019DB351C00059DB1 /* JSTestMapTests.xctest */;
			productType = "com.apple.product-type.bundle.unit-test";
		};
/* End PBXNativeTarget section */

/* Begin PBXProject section */
		38DAD6DF19DB351C00059DB1 /* Project object */ = {
			isa = PBXProject;
			attributes = {
				LastUpgradeCheck = 0600;
				ORGANIZATIONNAME = idev.com;
				TargetAttributes = {
					38DAD6E619DB351C00059DB1 = {
						CreatedOnToolsVersion = 6.0.1;
					};
					38DAD6FF19DB351C00059DB1 = {
						CreatedOnToolsVersion = 6.0.1;
						TestTargetID = 38DAD6E619DB351C00059DB1;
					};
				};
			};
			buildConfigurationList = 38DAD6E219DB351C00059DB1 /* Build configuration list for PBXProject "JSTestMap" */;
			compatibilityVersion = "Xcode 3.2";
			developmentRegion = English;
			hasScannedForEncodings = 0;
			knownRegions = (
				en,
				Base,
			);
			mainGroup = 38DAD6DE19DB351C00059DB1;
			productRefGroup = 38DAD6E819DB351C00059DB1 /* Products */;
			projectDirPath = "";
			projectRoot = "";
			targets = (
				38DAD6E619DB351C00059DB1 /* JSTestMap */,
				38DAD6FF19DB351C00059DB1 /* JSTestMapTests */,
			);
		};
/* End PBXProject section */

/* Begin PBXResourcesBuildPhase section */
		38DAD6E519DB351C00059DB1 /* Resources */ = {
			isa = PBXResourcesBuildPhase;
			buildActionMask = 2147483647;
			files = (
				38DAD6F619DB351C00059DB1 /* Main.storyboard in Resources */,
				38DAD6FB19DB351C00059DB1 /* LaunchScreen.xib in Resources */,
				38DAD6F819DB351C00059DB1 /* Images.xcassets in Resources */,
			);
			runOnlyForDeploymentPostprocessing = 0;
		};
		38DAD6FE19DB351C00059DB1 /* Resources */ = {
			isa = PBXResourcesBuildPhase;
			buildActionMask = 2147483647;
			files = (
			);
			runOnlyForDeploymentPostprocessing = 0;
		};
/* End PBXResourcesBuildPhase section */

/* Begin PBXSourcesBuildPhase section */
		38DAD6E319DB351C00059DB1 /* Sources */ = {
			isa = PBXSourcesBuildPhase;
			buildActionMask = 2147483647;
			files = (
				38DAD6F319DB351C00059DB1 /* ViewController.m in Sources */,
				38DAD6F019DB351C00059DB1 /* AppDelegate.m in Sources */,
				38C3838C19ED707B00CF1B84 /* MKMapView+Radius.m in Sources */,
				38E27F2219E15CF900E5AC0A /* JSCustomOverlay.m in Sources */,
				38E27F1F19E159F500E5AC0A /* JSCustomOverlayRenderer.m in Sources */,
				38E27F2819E1D20100E5AC0A /* JSCircleOverlayRenderer.m in Sources */,
				38DAD6ED19DB351C00059DB1 /* main.m in Sources */,
				38BDCAF319DB4D7C00DC5BA4 /* JSCircleView.m in Sources */,
				38E27F2519E1C90000E5AC0A /* JSCirclePath.m in Sources */,
			);
			runOnlyForDeploymentPostprocessing = 0;
		};
		38DAD6FC19DB351C00059DB1 /* Sources */ = {
			isa = PBXSourcesBuildPhase;
			buildActionMask = 2147483647;
			files = (
				38DAD70719DB351C00059DB1 /* JSTestMapTests.m in Sources */,
			);
			runOnlyForDeploymentPostprocessing = 0;
		};
/* End PBXSourcesBuildPhase section */

/* Begin PBXTargetDependency section */
		38DAD70219DB351C00059DB1 /* PBXTargetDependency */ = {
			isa = PBXTargetDependency;
			target = 38DAD6E619DB351C00059DB1 /* JSTestMap */;
			targetProxy = 38DAD70119DB351C00059DB1 /* PBXContainerItemProxy */;
		};
/* End PBXTargetDependency section */

/* Begin PBXVariantGroup section */
		38DAD6F419DB351C00059DB1 /* Main.storyboard */ = {
			isa = PBXVariantGroup;
			children = (
				38DAD6F519DB351C00059DB1 /* Base */,
			);
			name = Main.storyboard;
			sourceTree = "<group>";
		};
		38DAD6F919DB351C00059DB1 /* LaunchScreen.xib */ = {
			isa = PBXVariantGroup;
			children = (
				38DAD6FA19DB351C00059DB1 /* Base */,
			);
			name = LaunchScreen.xib;
			sourceTree = "<group>";
		};
/* End PBXVariantGroup section */

/* Begin XCBuildConfiguration section */
		38DAD70819DB351C00059DB1 /* Debug */ = {
			isa = XCBuildConfiguration;
			buildSettings = {
				ALWAYS_SEARCH_USER_PATHS = NO;
				CLANG_CXX_LANGUAGE_STANDARD = "gnu++0x";
				CLANG_CXX_LIBRARY = "libc++";
				CLANG_ENABLE_MODULES = YES;
				CLANG_ENABLE_OBJC_ARC = YES;
				CLANG_WARN_BOOL_CONVERSION = YES;
				CLANG_WARN_CONSTANT_CONVERSION = YES;
				CLANG_WARN_DIRECT_OBJC_ISA_USAGE = YES_ERROR;
				CLANG_WARN_EMPTY_BODY = YES;
				CLANG_WARN_ENUM_CONVERSION = YES;
				CLANG_WARN_INT_CONVERSION = YES;
				CLANG_WARN_OBJC_ROOT_CLASS = YES_ERROR;
				CLANG_WARN_UNREACHABLE_CODE = YES;
				CLANG_WARN__DUPLICATE_METHOD_MATCH = YES;
				"CODE_SIGN_IDENTITY[sdk=iphoneos*]" = "iPhone Developer";
				COPY_PHASE_STRIP = NO;
				ENABLE_STRICT_OBJC_MSGSEND = YES;
				GCC_C_LANGUAGE_STANDARD = gnu99;
				GCC_DYNAMIC_NO_PIC = NO;
				GCC_OPTIMIZATION_LEVEL = 0;
				GCC_PREPROCESSOR_DEFINITIONS = (
					"DEBUG=1",
					"$(inherited)",
				);
				GCC_SYMBOLS_PRIVATE_EXTERN = NO;
				GCC_WARN_64_TO_32_BIT_CONVERSION = YES;
				GCC_WARN_ABOUT_RETURN_TYPE = YES_ERROR;
				GCC_WARN_UNDECLARED_SELECTOR = YES;
				GCC_WARN_UNINITIALIZED_AUTOS = YES_AGGRESSIVE;
				GCC_WARN_UNUSED_FUNCTION = YES;
				GCC_WARN_UNUSED_VARIABLE = YES;
				IPHONEOS_DEPLOYMENT_TARGET = 8.0;
				MTL_ENABLE_DEBUG_INFO = YES;
				ONLY_ACTIVE_ARCH = YES;
				SDKROOT = iphoneos;
			};
			name = Debug;
		};
		38DAD70919DB351C00059DB1 /* Release */ = {
			isa = XCBuildConfiguration;
			buildSettings = {
				ALWAYS_SEARCH_USER_PATHS = NO;
				CLANG_CXX_LANGUAGE_STANDARD = "gnu++0x";
				CLANG_CXX_LIBRARY = "libc++";
				CLANG_ENABLE_MODULES = YES;
				CLANG_ENABLE_OBJC_ARC = YES;
				CLANG_WARN_BOOL_CONVERSION = YES;
				CLANG_WARN_CONSTANT_CONVERSION = YES;
				CLANG_WARN_DIRECT_OBJC_ISA_USAGE = YES_ERROR;
				CLANG_WARN_EMPTY_BODY = YES;
				CLANG_WARN_ENUM_CONVERSION = YES;
				CLANG_WARN_INT_CONVERSION = YES;
				CLANG_WARN_OBJC_ROOT_CLASS = YES_ERROR;
				CLANG_WARN_UNREACHABLE_CODE = YES;
				CLANG_WARN__DUPLICATE_METHOD_MATCH = YES;
				"CODE_SIGN_IDENTITY[sdk=iphoneos*]" = "iPhone Developer";
				COPY_PHASE_STRIP = YES;
				ENABLE_NS_ASSERTIONS = NO;
				ENABLE_STRICT_OBJC_MSGSEND = YES;
				GCC_C_LANGUAGE_STANDARD = gnu99;
				GCC_WARN_64_TO_32_BIT_CONVERSION = YES;
				GCC_WARN_ABOUT_RETURN_TYPE = YES_ERROR;
				GCC_WARN_UNDECLARED_SELECTOR = YES;
				GCC_WARN_UNINITIALIZED_AUTOS = YES_AGGRESSIVE;
				GCC_WARN_UNUSED_FUNCTION = YES;
				GCC_WARN_UNUSED_VARIABLE = YES;
				IPHONEOS_DEPLOYMENT_TARGET = 8.0;
				MTL_ENABLE_DEBUG_INFO = NO;
				SDKROOT = iphoneos;
				VALIDATE_PRODUCT = YES;
			};
			name = Release;
		};
		38DAD70B19DB351C00059DB1 /* Debug */ = {
			isa = XCBuildConfiguration;
			buildSettings = {
				ASSETCATALOG_COMPILER_APPICON_NAME = AppIcon;
				INFOPLIST_FILE = JSTestMap/Info.plist;
				IPHONEOS_DEPLOYMENT_TARGET = 7.1;
				LD_RUNPATH_SEARCH_PATHS = "$(inherited) @executable_path/Frameworks";
				PRODUCT_NAME = "$(TARGET_NAME)";
			};
			name = Debug;
		};
		38DAD70C19DB351C00059DB1 /* Release */ = {
			isa = XCBuildConfiguration;
			buildSettings = {
				ASSETCATALOG_COMPILER_APPICON_NAME = AppIcon;
				INFOPLIST_FILE = JSTestMap/Info.plist;
				IPHONEOS_DEPLOYMENT_TARGET = 7.1;
				LD_RUNPATH_SEARCH_PATHS = "$(inherited) @executable_path/Frameworks";
				PRODUCT_NAME = "$(TARGET_NAME)";
			};
			name = Release;
		};
		38DAD70E19DB351C00059DB1 /* Debug */ = {
			isa = XCBuildConfiguration;
			buildSettings = {
				BUNDLE_LOADER = "$(TEST_HOST)";
				FRAMEWORK_SEARCH_PATHS = (
					"$(SDKROOT)/Developer/Library/Frameworks",
					"$(inherited)",
				);
				GCC_PREPROCESSOR_DEFINITIONS = (
					"DEBUG=1",
					"$(inherited)",
				);
				INFOPLIST_FILE = JSTestMapTests/Info.plist;
				LD_RUNPATH_SEARCH_PATHS = "$(inherited) @executable_path/Frameworks @loader_path/Frameworks";
				PRODUCT_NAME = "$(TARGET_NAME)";
				TEST_HOST = "$(BUILT_PRODUCTS_DIR)/JSTestMap.app/JSTestMap";
			};
			name = Debug;
		};
		38DAD70F19DB351C00059DB1 /* Release */ = {
			isa = XCBuildConfiguration;
			buildSettings = {
				BUNDLE_LOADER = "$(TEST_HOST)";
				FRAMEWORK_SEARCH_PATHS = (
					"$(SDKROOT)/Developer/Library/Frameworks",
					"$(inherited)",
				);
				INFOPLIST_FILE = JSTestMapTests/Info.plist;
				LD_RUNPATH_SEARCH_PATHS = "$(inherited) @executable_path/Frameworks @loader_path/Frameworks";
				PRODUCT_NAME = "$(TARGET_NAME)";
				TEST_HOST = "$(BUILT_PRODUCTS_DIR)/JSTestMap.app/JSTestMap";
			};
			name = Release;
		};
/* End XCBuildConfiguration section */

/* Begin XCConfigurationList section */
		38DAD6E219DB351C00059DB1 /* Build configuration list for PBXProject "JSTestMap" */ = {
			isa = XCConfigurationList;
			buildConfigurations = (
				38DAD70819DB351C00059DB1 /* Debug */,
				38DAD70919DB351C00059DB1 /* Release */,
			);
			defaultConfigurationIsVisible = 0;
			defaultConfigurationName = Release;
		};
		38DAD70A19DB351C00059DB1 /* Build configuration list for PBXNativeTarget "JSTestMap" */ = {
			isa = XCConfigurationList;
			buildConfigurations = (
				38DAD70B19DB351C00059DB1 /* Debug */,
				38DAD70C19DB351C00059DB1 /* Release */,
			);
			defaultConfigurationIsVisible = 0;
			defaultConfigurationName = Release;
		};
		38DAD70D19DB351C00059DB1 /* Build configuration list for PBXNativeTarget "JSTestMapTests" */ = {
			isa = XCConfigurationList;
			buildConfigurations = (
				38DAD70E19DB351C00059DB1 /* Debug */,
				38DAD70F19DB351C00059DB1 /* Release */,
			);
			defaultConfigurationIsVisible = 0;
			defaultConfigurationName = Release;
		};
/* End XCConfigurationList section */
	};
	rootObject = 38DAD6DF19DB351C00059DB1 /* Project object */;
}
